PODS:
  - Anyline (55.6.0)
  - anyline_plugin (55.6.0):
    - Anyline (= 55.6.0)
    - Flutter
  - Flutter (1.0.0)
  - path_provider_foundation (0.0.1):
    - Flutter
    - FlutterMacOS
  - shared_preferences_foundation (0.0.1):
    - Flutter
    - FlutterMacOS

DEPENDENCIES:
  - anyline_plugin (from `.symlinks/plugins/anyline_plugin/ios`)
  - Flutter (from `Flutter`)
  - path_provider_foundation (from `.symlinks/plugins/path_provider_foundation/darwin`)
  - shared_preferences_foundation (from `.symlinks/plugins/shared_preferences_foundation/darwin`)

SPEC REPOS:
  https://github.com/CocoaPods/Specs.git:
    - Anyline

EXTERNAL SOURCES:
  anyline_plugin:
    :path: ".symlinks/plugins/anyline_plugin/ios"
  Flutter:
    :path: Flutter
  path_provider_foundation:
    :path: ".symlinks/plugins/path_provider_foundation/darwin"
  shared_preferences_foundation:
    :path: ".symlinks/plugins/shared_preferences_foundation/darwin"

SPEC CHECKSUMS:
  Anyline: 1a160f91c36795287551a23f1543f6113e08f212
  anyline_plugin: b0c3c7319f2428ee65dff7d9fb00d774bed73638
  Flutter: cabc95a1d2626b1b06e7179b784ebcf0c0cde467
  path_provider_foundation: 080d55be775b7414fd5a5ef3ac137b97b097e564
  shared_preferences_foundation: 9e1978ff2562383bd5676f64ec4e9aa8fa06a6f7

PODFILE CHECKSUM: 671363bdc9aa2edf5b2570c97641fabc41a23850

COCOAPODS: 1.16.2
