PODS:
  - Anyline (55.9.0)
  - anyline_plugin (55.9.0):
    - Anyline (= 55.9.0)
    - Flutter
  - Flutter (1.0.0)
  - shared_preferences_foundation (0.0.1):
    - Flutter
    - FlutterMacOS

DEPENDENCIES:
  - anyline_plugin (from `.symlinks/plugins/anyline_plugin/ios`)
  - Flutter (from `Flutter`)
  - shared_preferences_foundation (from `.symlinks/plugins/shared_preferences_foundation/darwin`)

SPEC REPOS:
  https://github.com/CocoaPods/Specs.git:
    - Anyline

EXTERNAL SOURCES:
  anyline_plugin:
    :path: ".symlinks/plugins/anyline_plugin/ios"
  Flutter:
    :path: Flutter
  shared_preferences_foundation:
    :path: ".symlinks/plugins/shared_preferences_foundation/darwin"

SPEC CHECKSUMS:
  Anyline: 8c190d726cc22d5596f9fd271b557962a9ac720b
  anyline_plugin: cb72085001f724c319de8b15aa865a92c0e1f393
  Flutter: cabc95a1d2626b1b06e7179b784ebcf0c0cde467
  shared_preferences_foundation: 9e1978ff2562383bd5676f64ec4e9aa8fa06a6f7

PODFILE CHECKSUM: 671363bdc9aa2edf5b2570c97641fabc41a23850

COCOAPODS: 1.16.2
